
Microsoft Visual Studio Solution File, Format Version 12.00
# Visual Studio Version 17
VisualStudioVersion = 17.0.31903.59
MinimumVisualStudioVersion = 10.0.40219.1
Project("{FAE04EC0-301F-11D3-BF4B-00C04F79EFBC}") = "BookStore.App", "BookStore.App\BookStore.App.csproj", "{730B4D96-F89D-4888-BD4B-2C4E48E3C94A}"
EndProject
Project("{FAE04EC0-301F-11D3-BF4B-00C04F79EFBC}") = "BookStore.App.Tests", "BookStore.App.Tests\BookStore.App.Tests.csproj", "{569161C2-39C7-45C0-9915-7DEE20F4F9B9}"
EndProject
Global
	GlobalSection(SolutionProperties) = preSolution
		HideSolutionNode = FALSE
	EndGlobalSection
	GlobalSection(SolutionConfigurationPlatforms) = preSolution
		Debug|Any CPU = Debug|Any CPU
		Debug|x64 = Debug|x64
		Debug|x86 = Debug|x86
		Release|Any CPU = Release|Any CPU
		Release|x64 = Release|x64
		Release|x86 = Release|x86
	EndGlobalSection
	GlobalSection(ProjectConfigurationPlatforms) = postSolution
		{730B4D96-F89D-4888-BD4B-2C4E48E3C94A}.Debug|Any CPU.ActiveCfg = Debug|Any CPU
		{730B4D96-F89D-4888-BD4B-2C4E48E3C94A}.Debug|Any CPU.Build.0 = Debug|Any CPU
		{730B4D96-F89D-4888-BD4B-2C4E48E3C94A}.Debug|x64.ActiveCfg = Debug|Any CPU
		{730B4D96-F89D-4888-BD4B-2C4E48E3C94A}.Debug|x64.Build.0 = Debug|Any CPU
		{730B4D96-F89D-4888-BD4B-2C4E48E3C94A}.Debug|x86.ActiveCfg = Debug|Any CPU
		{730B4D96-F89D-4888-BD4B-2C4E48E3C94A}.Debug|x86.Build.0 = Debug|Any CPU
		{730B4D96-F89D-4888-BD4B-2C4E48E3C94A}.Release|Any CPU.ActiveCfg = Release|Any CPU
		{730B4D96-F89D-4888-BD4B-2C4E48E3C94A}.Release|Any CPU.Build.0 = Release|Any CPU
		{730B4D96-F89D-4888-BD4B-2C4E48E3C94A}.Release|x64.ActiveCfg = Release|Any CPU
		{730B4D96-F89D-4888-BD4B-2C4E48E3C94A}.Release|x64.Build.0 = Release|Any CPU
		{730B4D96-F89D-4888-BD4B-2C4E48E3C94A}.Release|x86.ActiveCfg = Release|Any CPU
		{730B4D96-F89D-4888-BD4B-2C4E48E3C94A}.Release|x86.Build.0 = Release|Any CPU
		{569161C2-39C7-45C0-9915-7DEE20F4F9B9}.Debug|Any CPU.ActiveCfg = Debug|Any CPU
		{569161C2-39C7-45C0-9915-7DEE20F4F9B9}.Debug|Any CPU.Build.0 = Debug|Any CPU
		{569161C2-39C7-45C0-9915-7DEE20F4F9B9}.Debug|x64.ActiveCfg = Debug|Any CPU
		{569161C2-39C7-45C0-9915-7DEE20F4F9B9}.Debug|x64.Build.0 = Debug|Any CPU
		{569161C2-39C7-45C0-9915-7DEE20F4F9B9}.Debug|x86.ActiveCfg = Debug|Any CPU
		{569161C2-39C7-45C0-9915-7DEE20F4F9B9}.Debug|x86.Build.0 = Debug|Any CPU
		{569161C2-39C7-45C0-9915-7DEE20F4F9B9}.Release|Any CPU.ActiveCfg = Release|Any CPU
		{569161C2-39C7-45C0-9915-7DEE20F4F9B9}.Release|Any CPU.Build.0 = Release|Any CPU
		{569161C2-39C7-45C0-9915-7DEE20F4F9B9}.Release|x64.ActiveCfg = Release|Any CPU
		{569161C2-39C7-45C0-9915-7DEE20F4F9B9}.Release|x64.Build.0 = Release|Any CPU
		{569161C2-39C7-45C0-9915-7DEE20F4F9B9}.Release|x86.ActiveCfg = Release|Any CPU
		{569161C2-39C7-45C0-9915-7DEE20F4F9B9}.Release|x86.Build.0 = Release|Any CPU
	EndGlobalSection
EndGlobal
